
Microsoft Visual Studio Solution File, Format Version 12.00
# Visual Studio Version 16
VisualStudioVersion = 16.0.31702.278
MinimumVisualStudioVersion = 10.0.40219.1
Project("{9A19103F-16F7-4668-BE54-9A1E7A4F7556}") = "MyOnlineStoreAPI", "MyOnlineStoreAPI.csproj", "{13D4F902-DE50-48CC-BA3B-A6D1006CD94E}"
EndProject
Global
	GlobalSection(SolutionConfigurationPlatforms) = preSolution
		Debug|Any CPU = Debug|Any CPU
		Release|Any CPU = Release|Any CPU
	EndGlobalSection
	GlobalSection(ProjectConfigurationPlatforms) = postSolution
		{13D4F902-DE50-48CC-BA3B-A6D1006CD94E}.Debug|Any CPU.ActiveCfg = Debug|Any CPU
		{13D4F902-DE50-48CC-BA3B-A6D1006CD94E}.Debug|Any CPU.Build.0 = Debug|Any CPU
		{13D4F902-DE50-48CC-BA3B-A6D1006CD94E}.Release|Any CPU.ActiveCfg = Release|Any CPU
		{13D4F902-DE50-48CC-BA3B-A6D1006CD94E}.Release|Any CPU.Build.0 = Release|Any CPU
	EndGlobalSection
	GlobalSection(SolutionProperties) = preSolution
		HideSolutionNode = FALSE
	EndGlobalSection
	GlobalSection(ExtensibilityGlobals) = postSolution
		SolutionGuid = {D322AC97-43CE-4076-AF08-4F021CAFE45F}
	EndGlobalSection
EndGlobal
